// !$*UTF8*$!
{
	archiveVersion = 1;
	classes = {
	};
	objectVersion = 55;
	objects = {

/* Begin PBXBuildFile section */
		239BEFE128F81F6B0028802A /* AppDelegate.swift in Sources */ = {isa = PBXBuildFile; fileRef = 239BEFE028F81F6B0028802A /* AppDelegate.swift */; };
		239BEFE328F81F6B0028802A /* SceneDelegate.swift in Sources */ = {isa = PBXBuildFile; fileRef = 239BEFE228F81F6B0028802A /* SceneDelegate.swift */; };
		239BEFE528F81F6B0028802A /* ViewController.swift in Sources */ = {isa = PBXBuildFile; fileRef = 239BEFE428F81F6B0028802A /* ViewController.swift */; };
		239BEFE828F81F6B0028802A /* Main.storyboard in Resources */ = {isa = PBXBuildFile; fileRef = 239BEFE628F81F6B0028802A /* Main.storyboard */; };
		239BEFEA28F81F760028802A /* Assets.xcassets in Resources */ = {isa = PBXBuildFile; fileRef = 239BEFE928F81F760028802A /* Assets.xcassets */; };
		239BEFED28F81F760028802A /* LaunchScreen.storyboard in Resources */ = {isa = PBXBuildFile; fileRef = 239BEFEB28F81F760028802A /* LaunchScreen.storyboard */; };
		239BEFF828F81F780028802A /* Udder2Tests.swift in Sources */ = {isa = PBXBuildFile; fileRef = 239BEFF728F81F780028802A /* Udder2Tests.swift */; };
		239BF00228F81F780028802A /* Udder2UITests.swift in Sources */ = {isa = PBXBuildFile; fileRef = 239BF00128F81F780028802A /* Udder2UITests.swift */; };
		239BF00428F81F780028802A /* Udder2UITestsLaunchTests.swift in Sources */ = {isa = PBXBuildFile; fileRef = 239BF00328F81F780028802A /* Udder2UITestsLaunchTests.swift */; };
/* End PBXBuildFile section */

/* Begin PBXContainerItemProxy section */
		239BEFF428F81F780028802A /* PBXContainerItemProxy */ = {
			isa = PBXContainerItemProxy;
			containerPortal = 239BEFD528F81F690028802A /* Project object */;
			proxyType = 1;
			remoteGlobalIDString = 239BEFDC28F81F6B0028802A;
			remoteInfo = Udder2;
		};
		239BEFFE28F81F780028802A /* PBXContainerItemProxy */ = {
			isa = PBXContainerItemProxy;
			containerPortal = 239BEFD528F81F690028802A /* Project object */;
			proxyType = 1;
			remoteGlobalIDString = 239BEFDC28F81F6B0028802A;
			remoteInfo = Udder2;
		};
/* End PBXContainerItemProxy section */

/* Begin PBXFileReference section */
		239BEFDD28F81F6B0028802A /* Udder2.app */ = {isa = PBXFileReference; explicitFileType = wrapper.application; includeInIndex = 0; path = Udder2.app; sourceTree = BUILT_PRODUCTS_DIR; };
		239BEFE028F81F6B0028802A /* AppDelegate.swift */ = {isa = PBXFileReference; lastKnownFileType = sourcecode.swift; path = AppDelegate.swift; sourceTree = "<group>"; };
		239BEFE228F81F6B0028802A /* SceneDelegate.swift */ = {isa = PBXFileReference; lastKnownFileType = sourcecode.swift; path = SceneDelegate.swift; sourceTree = "<group>"; };
		239BEFE428F81F6B0028802A /* ViewController.swift */ = {isa = PBXFileReference; lastKnownFileType = sourcecode.swift; path = ViewController.swift; sourceTree = "<group>"; };
		239BEFE728F81F6B0028802A /* Base */ = {isa = PBXFileReference; lastKnownFileType = file.storyboard; name = Base; path = Base.lproj/Main.storyboard; sourceTree = "<group>"; };
		239BEFE928F81F760028802A /* Assets.xcassets */ = {isa = PBXFileReference; lastKnownFileType = folder.assetcatalog; path = Assets.xcassets; sourceTree = "<group>"; };
		239BEFEC28F81F760028802A /* Base */ = {isa = PBXFileReference; lastKnownFileType = file.storyboard; name = Base; path = Base.lproj/LaunchScreen.storyboard; sourceTree = "<group>"; };
		239BEFEE28F81F760028802A /* Info.plist */ = {isa = PBXFileReference; lastKnownFileType = text.plist.xml; path = Info.plist; sourceTree = "<group>"; };
		239BEFF328F81F780028802A /* Udder2Tests.xctest */ = {isa = PBXFileReference; explicitFileType = wrapper.cfbundle; includeInIndex = 0; path = Udder2Tests.xctest; sourceTree = BUILT_PRODUCTS_DIR; };
		239BEFF728F81F780028802A /* Udder2Tests.swift */ = {isa = PBXFileReference; lastKnownFileType = sourcecode.swift; path = Udder2Tests.swift; sourceTree = "<group>"; };
		239BEFFD28F81F780028802A /* Udder2UITests.xctest */ = {isa = PBXFileReference; explicitFileType = wrapper.cfbundle; includeInIndex = 0; path = Udder2UITests.xctest; sourceTree = BUILT_PRODUCTS_DIR; };
		239BF00128F81F780028802A /* Udder2UITests.swift */ = {isa = PBXFileReference; lastKnownFileType = sourcecode.swift; path = Udder2UITests.swift; sourceTree = "<group>"; };
		239BF00328F81F780028802A /* Udder2UITestsLaunchTests.swift */ = {isa = PBXFileReference; lastKnownFileType = sourcecode.swift; path = Udder2UITestsLaunchTests.swift; sourceTree = "<group>"; };
/* End PBXFileReference section */

/* Begin PBXFrameworksBuildPhase section */
		239BEFDA28F81F6B0028802A /* Frameworks */ = {
			isa = PBXFrameworksBuildPhase;
			buildActionMask = 2147483647;
			files = (
			);
			runOnlyForDeploymentPostprocessing = 0;
		};
		239BEFF028F81F780028802A /* Frameworks */ = {
			isa = PBXFrameworksBuildPhase;
			buildActionMask = 2147483647;
			files = (
			);
			runOnlyForDeploymentPostprocessing = 0;
		};
		239BEFFA28F81F780028802A /* Frameworks */ = {
			isa = PBXFrameworksBuildPhase;
			buildActionMask = 2147483647;
			files = (
			);
			runOnlyForDeploymentPostprocessing = 0;
		};
/* End PBXFrameworksBuildPhase section */

/* Begin PBXGroup section */
		239BEFD428F81F690028802A = {
			isa = PBXGroup;
			children = (
				239BEFDF28F81F6B0028802A /* Udder2 */,
				239BEFF628F81F780028802A /* Udder2Tests */,
				239BF00028F81F780028802A /* Udder2UITests */,
				239BEFDE28F81F6B0028802A /* Products */,
			);
			sourceTree = "<group>";
		};
		239BEFDE28F81F6B0028802A /* Products */ = {
			isa = PBXGroup;
			children = (
				239BEFDD28F81F6B0028802A /* Udder2.app */,
				239BEFF328F81F780028802A /* Udder2Tests.xctest */,
				239BEFFD28F81F780028802A /* Udder2UITests.xctest */,
			);
			name = Products;
			sourceTree = "<group>";
		};
		239BEFDF28F81F6B0028802A /* Udder2 */ = {
			isa = PBXGroup;
			children = (
				239BEFE028F81F6B0028802A /* AppDelegate.swift */,
				239BEFE228F81F6B0028802A /* SceneDelegate.swift */,
				239BEFE428F81F6B0028802A /* ViewController.swift */,
				239BEFE628F81F6B0028802A /* Main.storyboard */,
				239BEFE928F81F760028802A /* Assets.xcassets */,
				239BEFEB28F81F760028802A /* LaunchScreen.storyboard */,
				239BEFEE28F81F760028802A /* Info.plist */,
			);
			path = Udder2;
			sourceTree = "<group>";
		};
		239BEFF628F81F780028802A /* Udder2Tests */ = {
			isa = PBXGroup;
			children = (
				239BEFF728F81F780028802A /* Udder2Tests.swift */,
			);
			path = Udder2Tests;
			sourceTree = "<group>";
		};
		239BF00028F81F780028802A /* Udder2UITests */ = {
			isa = PBXGroup;
			children = (
				239BF00128F81F780028802A /* Udder2UITests.swift */,
				239BF00328F81F780028802A /* Udder2UITestsLaunchTests.swift */,
			);
			path = Udder2UITests;
			sourceTree = "<group>";
		};
/* End PBXGroup section */

/* Begin PBXNativeTarget section */
		239BEFDC28F81F6B0028802A /* Udder2 */ = {
			isa = PBXNativeTarget;
			buildConfigurationList = 239BF00728F81F790028802A /* Build configuration list for PBXNativeTarget "Udder2" */;
			buildPhases = (
				239BEFD928F81F6B0028802A /* Sources */,
				239BEFDA28F81F6B0028802A /* Frameworks */,
				239BEFDB28F81F6B0028802A /* Resources */,
			);
			buildRules = (
			);
			dependencies = (
			);
			name = Udder2;
			productName = Udder2;
			productReference = 239BEFDD28F81F6B0028802A /* Udder2.app */;
			productType = "com.apple.product-type.application";
		};
		239BEFF228F81F780028802A /* Udder2Tests */ = {
			isa = PBXNativeTarget;
			buildConfigurationList = 239BF00A28F81F790028802A /* Build configuration list for PBXNativeTarget "Udder2Tests" */;
			buildPhases = (
				239BEFEF28F81F780028802A /* Sources */,
				239BEFF028F81F780028802A /* Frameworks */,
				239BEFF128F81F780028802A /* Resources */,
			);
			buildRules = (
			);
			dependencies = (
				239BEFF528F81F780028802A /* PBXTargetDependency */,
			);
			name = Udder2Tests;
			productName = Udder2Tests;
			productReference = 239BEFF328F81F780028802A /* Udder2Tests.xctest */;
			productType = "com.apple.product-type.bundle.unit-test";
		};
		239BEFFC28F81F780028802A /* Udder2UITests */ = {
			isa = PBXNativeTarget;
			buildConfigurationList = 239BF00D28F81F790028802A /* Build configuration list for PBXNativeTarget "Udder2UITests" */;
			buildPhases = (
				239BEFF928F81F780028802A /* Sources */,
				239BEFFA28F81F780028802A /* Frameworks */,
				239BEFFB28F81F780028802A /* Resources */,
			);
			buildRules = (
			);
			dependencies = (
				239BEFFF28F81F780028802A /* PBXTargetDependency */,
			);
			name = Udder2UITests;
			productName = Udder2UITests;
			productReference = 239BEFFD28F81F780028802A /* Udder2UITests.xctest */;
			productType = "com.apple.product-type.bundle.ui-testing";
		};
/* End PBXNativeTarget section */

/* Begin PBXProject section */
		239BEFD528F81F690028802A /* Project object */ = {
			isa = PBXProject;
			attributes = {
				BuildIndependentTargetsInParallel = 1;
				LastSwiftUpdateCheck = 1320;
				LastUpgradeCheck = 1320;
				TargetAttributes = {
					239BEFDC28F81F6B0028802A = {
						CreatedOnToolsVersion = 13.2.1;
					};
					239BEFF228F81F780028802A = {
						CreatedOnToolsVersion = 13.2.1;
						TestTargetID = 239BEFDC28F81F6B0028802A;
					};
					239BEFFC28F81F780028802A = {
						CreatedOnToolsVersion = 13.2.1;
						TestTargetID = 239BEFDC28F81F6B0028802A;
					};
				};
			};
			buildConfigurationList = 239BEFD828F81F6A0028802A /* Build configuration list for PBXProject "Udder2" */;
			compatibilityVersion = "Xcode 13.0";
			developmentRegion = en;
			hasScannedForEncodings = 0;
			knownRegions = (
				en,
				Base,
			);
			mainGroup = 239BEFD428F81F690028802A;
			productRefGroup = 239BEFDE28F81F6B0028802A /* Products */;
			projectDirPath = "";
			projectRoot = "";
			targets = (
				239BEFDC28F81F6B0028802A /* Udder2 */,
				239BEFF228F81F780028802A /* Udder2Tests */,
				239BEFFC28F81F780028802A /* Udder2UITests */,
			);
		};
/* End PBXProject section */

/* Begin PBXResourcesBuildPhase section */
		239BEFDB28F81F6B0028802A /* Resources */ = {
			isa = PBXResourcesBuildPhase;
			buildActionMask = 2147483647;
			files = (
				239BEFED28F81F760028802A /* LaunchScreen.storyboard in Resources */,
				239BEFEA28F81F760028802A /* Assets.xcassets in Resources */,
				239BEFE828F81F6B0028802A /* Main.storyboard in Resources */,
			);
			runOnlyForDeploymentPostprocessing = 0;
		};
		239BEFF128F81F780028802A /* Resources */ = {
			isa = PBXResourcesBuildPhase;
			buildActionMask = 2147483647;
			files = (
			);
			runOnlyForDeploymentPostprocessing = 0;
		};
		239BEFFB28F81F780028802A /* Resources */ = {
			isa = PBXResourcesBuildPhase;
			buildActionMask = 2147483647;
			files = (
			);
			runOnlyForDeploymentPostprocessing = 0;
		};
/* End PBXResourcesBuildPhase section */

/* Begin PBXSourcesBuildPhase section */
		239BEFD928F81F6B0028802A /* Sources */ = {
			isa = PBXSourcesBuildPhase;
			buildActionMask = 2147483647;
			files = (
				239BEFE528F81F6B0028802A /* ViewController.swift in Sources */,
				239BEFE128F81F6B0028802A /* AppDelegate.swift in Sources */,
				239BEFE328F81F6B0028802A /* SceneDelegate.swift in Sources */,
			);
			runOnlyForDeploymentPostprocessing = 0;
		};
		239BEFEF28F81F780028802A /* Sources */ = {
			isa = PBXSourcesBuildPhase;
			buildActionMask = 2147483647;
			files = (
				239BEFF828F81F780028802A /* Udder2Tests.swift in Sources */,
			);
			runOnlyForDeploymentPostprocessing = 0;
		};
		239BEFF928F81F780028802A /* Sources */ = {
			isa = PBXSourcesBuildPhase;
			buildActionMask = 2147483647;
			files = (
				239BF00428F81F780028802A /* Udder2UITestsLaunchTests.swift in Sources */,
				239BF00228F81F780028802A /* Udder2UITests.swift in Sources */,
			);
			runOnlyForDeploymentPostprocessing = 0;
		};
/* End PBXSourcesBuildPhase section */

/* Begin PBXTargetDependency section */
		239BEFF528F81F780028802A /* PBXTargetDependency */ = {
			isa = PBXTargetDependency;
			target = 239BEFDC28F81F6B0028802A /* Udder2 */;
			targetProxy = 239BEFF428F81F780028802A /* PBXContainerItemProxy */;
		};
		239BEFFF28F81F780028802A /* PBXTargetDependency */ = {
			isa = PBXTargetDependency;
			target = 239BEFDC28F81F6B0028802A /* Udder2 */;
			targetProxy = 239BEFFE28F81F780028802A /* PBXContainerItemProxy */;
		};
/* End PBXTargetDependency section */

/* Begin PBXVariantGroup section */
		239BEFE628F81F6B0028802A /* Main.storyboard */ = {
			isa = PBXVariantGroup;
			children = (
				239BEFE728F81F6B0028802A /* Base */,
			);
			name = Main.storyboard;
			sourceTree = "<group>";
		};
		239BEFEB28F81F760028802A /* LaunchScreen.storyboard */ = {
			isa = PBXVariantGroup;
			children = (
				239BEFEC28F81F760028802A /* Base */,
			);
			name = LaunchScreen.storyboard;
			sourceTree = "<group>";
		};
/* End PBXVariantGroup section */

/* Begin XCBuildConfiguration section */
		239BF00528F81F780028802A /* Debug */ = {
			isa = XCBuildConfiguration;
			buildSettings = {
				ALWAYS_SEARCH_USER_PATHS = NO;
				CLANG_ANALYZER_NONNULL = YES;
				CLANG_ANALYZER_NUMBER_OBJECT_CONVERSION = YES_AGGRESSIVE;
				CLANG_CXX_LANGUAGE_STANDARD = "gnu++17";
				CLANG_CXX_LIBRARY = "libc++";
				CLANG_ENABLE_MODULES = YES;
				CLANG_ENABLE_OBJC_ARC = YES;
				CLANG_ENABLE_OBJC_WEAK = YES;
				CLANG_WARN_BLOCK_CAPTURE_AUTORELEASING = YES;
				CLANG_WARN_BOOL_CONVERSION = YES;
				CLANG_WARN_COMMA = YES;
				CLANG_WARN_CONSTANT_CONVERSION = YES;
				CLANG_WARN_DEPRECATED_OBJC_IMPLEMENTATIONS = YES;
				CLANG_WARN_DIRECT_OBJC_ISA_USAGE = YES_ERROR;
				CLANG_WARN_DOCUMENTATION_COMMENTS = YES;
				CLANG_WARN_EMPTY_BODY = YES;
				CLANG_WARN_ENUM_CONVERSION = YES;
				CLANG_WARN_INFINITE_RECURSION = YES;
				CLANG_WARN_INT_CONVERSION = YES;
				CLANG_WARN_NON_LITERAL_NULL_CONVERSION = YES;
				CLANG_WARN_OBJC_IMPLICIT_RETAIN_SELF = YES;
				CLANG_WARN_OBJC_LITERAL_CONVERSION = YES;
				CLANG_WARN_OBJC_ROOT_CLASS = YES_ERROR;
				CLANG_WARN_QUOTED_INCLUDE_IN_FRAMEWORK_HEADER = YES;
				CLANG_WARN_RANGE_LOOP_ANALYSIS = YES;
				CLANG_WARN_STRICT_PROTOTYPES = YES;
				CLANG_WARN_SUSPICIOUS_MOVE = YES;
				CLANG_WARN_UNGUARDED_AVAILABILITY = YES_AGGRESSIVE;
				CLANG_WARN_UNREACHABLE_CODE = YES;
				CLANG_WARN__DUPLICATE_METHOD_MATCH = YES;
				COPY_PHASE_STRIP = NO;
				DEBUG_INFORMATION_FORMAT = dwarf;
				ENABLE_STRICT_OBJC_MSGSEND = YES;
				ENABLE_TESTABILITY = YES;
				GCC_C_LANGUAGE_STANDARD = gnu11;
				GCC_DYNAMIC_NO_PIC = NO;
				GCC_NO_COMMON_BLOCKS = YES;
				GCC_OPTIMIZATION_LEVEL = 0;
				GCC_PREPROCESSOR_DEFINITIONS = (
					"DEBUG=1",
					"$(inherited)",
				);
				GCC_WARN_64_TO_32_BIT_CONVERSION = YES;
				GCC_WARN_ABOUT_RETURN_TYPE = YES_ERROR;
				GCC_WARN_UNDECLARED_SELECTOR = YES;
				GCC_WARN_UNINITIALIZED_AUTOS = YES_AGGRESSIVE;
				GCC_WARN_UNUSED_FUNCTION = YES;
				GCC_WARN_UNUSED_VARIABLE = YES;
				IPHONEOS_DEPLOYMENT_TARGET = 15.2;
				MTL_ENABLE_DEBUG_INFO = INCLUDE_SOURCE;
				MTL_FAST_MATH = YES;
				ONLY_ACTIVE_ARCH = YES;
				SDKROOT = iphoneos;
				SWIFT_ACTIVE_COMPILATION_CONDITIONS = DEBUG;
				SWIFT_OPTIMIZATION_LEVEL = "-Onone";
			};
			name = Debug;
		};
		239BF00628F81F780028802A /* Release */ = {
			isa = XCBuildConfiguration;
			buildSettings = {
				ALWAYS_SEARCH_USER_PATHS = NO;
				CLANG_ANALYZER_NONNULL = YES;
				CLANG_ANALYZER_NUMBER_OBJECT_CONVERSION = YES_AGGRESSIVE;
				CLANG_CXX_LANGUAGE_STANDARD = "gnu++17";
				CLANG_CXX_LIBRARY = "libc++";
				CLANG_ENABLE_MODULES = YES;
				CLANG_ENABLE_OBJC_ARC = YES;
				CLANG_ENABLE_OBJC_WEAK = YES;
				CLANG_WARN_BLOCK_CAPTURE_AUTORELEASING = YES;
				CLANG_WARN_BOOL_CONVERSION = YES;
				CLANG_WARN_COMMA = YES;
				CLANG_WARN_CONSTANT_CONVERSION = YES;
				CLANG_WARN_DEPRECATED_OBJC_IMPLEMENTATIONS = YES;
				CLANG_WARN_DIRECT_OBJC_ISA_USAGE = YES_ERROR;
				CLANG_WARN_DOCUMENTATION_COMMENTS = YES;
				CLANG_WARN_EMPTY_BODY = YES;
				CLANG_WARN_ENUM_CONVERSION = YES;
				CLANG_WARN_INFINITE_RECURSION = YES;
				CLANG_WARN_INT_CONVERSION = YES;
				CLANG_WARN_NON_LITERAL_NULL_CONVERSION = YES;
				CLANG_WARN_OBJC_IMPLICIT_RETAIN_SELF = YES;
				CLANG_WARN_OBJC_LITERAL_CONVERSION = YES;
				CLANG_WARN_OBJC_ROOT_CLASS = YES_ERROR;
				CLANG_WARN_QUOTED_INCLUDE_IN_FRAMEWORK_HEADER = YES;
				CLANG_WARN_RANGE_LOOP_ANALYSIS = YES;
				CLANG_WARN_STRICT_PROTOTYPES = YES;
				CLANG_WARN_SUSPICIOUS_MOVE = YES;
				CLANG_WARN_UNGUARDED_AVAILABILITY = YES_AGGRESSIVE;
				CLANG_WARN_UNREACHABLE_CODE = YES;
				CLANG_WARN__DUPLICATE_METHOD_MATCH = YES;
				COPY_PHASE_STRIP = NO;
				DEBUG_INFORMATION_FORMAT = "dwarf-with-dsym";
				ENABLE_NS_ASSERTIONS = NO;
				ENABLE_STRICT_OBJC_MSGSEND = YES;
				GCC_C_LANGUAGE_STANDARD = gnu11;
				GCC_NO_COMMON_BLOCKS = YES;
				GCC_WARN_64_TO_32_BIT_CONVERSION = YES;
				GCC_WARN_ABOUT_RETURN_TYPE = YES_ERROR;
				GCC_WARN_UNDECLARED_SELECTOR = YES;
				GCC_WARN_UNINITIALIZED_AUTOS = YES_AGGRESSIVE;
				GCC_WARN_UNUSED_FUNCTION = YES;
				GCC_WARN_UNUSED_VARIABLE = YES;
				IPHONEOS_DEPLOYMENT_TARGET = 15.2;
				MTL_ENABLE_DEBUG_INFO = NO;
				MTL_FAST_MATH = YES;
				SDKROOT = iphoneos;
				SWIFT_COMPILATION_MODE = wholemodule;
				SWIFT_OPTIMIZATION_LEVEL = "-O";
				VALIDATE_PRODUCT = YES;
			};
			name = Release;
		};
		239BF00828F81F790028802A /* Debug */ = {
			isa = XCBuildConfiguration;
			buildSettings = {
				ASSETCATALOG_COMPILER_APPICON_NAME = AppIcon;
				ASSETCATALOG_COMPILER_GLOBAL_ACCENT_COLOR_NAME = AccentColor;
				CODE_SIGN_STYLE = Automatic;
				CURRENT_PROJECT_VERSION = 1;
				DEVELOPMENT_TEAM = 95N7NL8994;
				GENERATE_INFOPLIST_FILE = YES;
				INFOPLIST_FILE = Udder2/Info.plist;
				INFOPLIST_KEY_UIApplicationSupportsIndirectInputEvents = YES;
				INFOPLIST_KEY_UILaunchStoryboardName = LaunchScreen;
				INFOPLIST_KEY_UIMainStoryboardFile = Main;
				INFOPLIST_KEY_UISupportedInterfaceOrientations_iPad = "UIInterfaceOrientationPortrait UIInterfaceOrientationPortraitUpsideDown UIInterfaceOrientationLandscapeLeft UIInterfaceOrientationLandscapeRight";
				INFOPLIST_KEY_UISupportedInterfaceOrientations_iPhone = "UIInterfaceOrientationPortrait UIInterfaceOrientationLandscapeLeft UIInterfaceOrientationLandscapeRight";
				LD_RUNPATH_SEARCH_PATHS = (
					"$(inherited)",
					"@executable_path/Frameworks",
				);
				MARKETING_VERSION = 1.0;
				PRODUCT_BUNDLE_IDENTIFIER = co.jakegordon.Udder2;
				PRODUCT_NAME = "$(TARGET_NAME)";
				SWIFT_EMIT_LOC_STRINGS = YES;
				SWIFT_VERSION = 5.0;
				TARGETED_DEVICE_FAMILY = "1,2";
			};
			name = Debug;
		};
		239BF00928F81F790028802A /* Release */ = {
			isa = XCBuildConfiguration;
			buildSettings = {
				ASSETCATALOG_COMPILER_APPICON_NAME = AppIcon;
				ASSETCATALOG_COMPILER_GLOBAL_ACCENT_COLOR_NAME = AccentColor;
				CODE_SIGN_STYLE = Automatic;
				CURRENT_PROJECT_VERSION = 1;
				DEVELOPMENT_TEAM = 95N7NL8994;
				GENERATE_INFOPLIST_FILE = YES;
				INFOPLIST_FILE = Udder2/Info.plist;
				INFOPLIST_KEY_UIApplicationSupportsIndirectInputEvents = YES;
				INFOPLIST_KEY_UILaunchStoryboardName = LaunchScreen;
				INFOPLIST_KEY_UIMainStoryboardFile = Main;
				INFOPLIST_KEY_UISupportedInterfaceOrientations_iPad = "UIInterfaceOrientationPortrait UIInterfaceOrientationPortraitUpsideDown UIInterfaceOrientationLandscapeLeft UIInterfaceOrientationLandscapeRight";
				INFOPLIST_KEY_UISupportedInterfaceOrientations_iPhone = "UIInterfaceOrientationPortrait UIInterfaceOrientationLandscapeLeft UIInterfaceOrientationLandscapeRight";
				LD_RUNPATH_SEARCH_PATHS = (
					"$(inherited)",
					"@executable_path/Frameworks",
				);
				MARKETING_VERSION = 1.0;
				PRODUCT_BUNDLE_IDENTIFIER = co.jakegordon.Udder2;
				PRODUCT_NAME = "$(TARGET_NAME)";
				SWIFT_EMIT_LOC_STRINGS = YES;
				SWIFT_VERSION = 5.0;
				TARGETED_DEVICE_FAMILY = "1,2";
			};
			name = Release;
		};
		239BF00B28F81F790028802A /* Debug */ = {
			isa = XCBuildConfiguration;
			buildSettings = {
				ALWAYS_EMBED_SWIFT_STANDARD_LIBRARIES = YES;
				BUNDLE_LOADER = "$(TEST_HOST)";
				CODE_SIGN_STYLE = Automatic;
				CURRENT_PROJECT_VERSION = 1;
				DEVELOPMENT_TEAM = 95N7NL8994;
				GENERATE_INFOPLIST_FILE = YES;
				IPHONEOS_DEPLOYMENT_TARGET = 15.2;
				MARKETING_VERSION = 1.0;
				PRODUCT_BUNDLE_IDENTIFIER = co.jakegordon.Udder2Tests;
				PRODUCT_NAME = "$(TARGET_NAME)";
				SWIFT_EMIT_LOC_STRINGS = NO;
				SWIFT_VERSION = 5.0;
				TARGETED_DEVICE_FAMILY = "1,2";
				TEST_HOST = "$(BUILT_PRODUCTS_DIR)/Udder2.app/Udder2";
			};
			name = Debug;
		};
		239BF00C28F81F790028802A /* Release */ = {
			isa = XCBuildConfiguration;
			buildSettings = {
				ALWAYS_EMBED_SWIFT_STANDARD_LIBRARIES = YES;
				BUNDLE_LOADER = "$(TEST_HOST)";
				CODE_SIGN_STYLE = Automatic;
				CURRENT_PROJECT_VERSION = 1;
				DEVELOPMENT_TEAM = 95N7NL8994;
				GENERATE_INFOPLIST_FILE = YES;
				IPHONEOS_DEPLOYMENT_TARGET = 15.2;
				MARKETING_VERSION = 1.0;
				PRODUCT_BUNDLE_IDENTIFIER = co.jakegordon.Udder2Tests;
				PRODUCT_NAME = "$(TARGET_NAME)";
				SWIFT_EMIT_LOC_STRINGS = NO;
				SWIFT_VERSION = 5.0;
				TARGETED_DEVICE_FAMILY = "1,2";
				TEST_HOST = "$(BUILT_PRODUCTS_DIR)/Udder2.app/Udder2";
			};
			name = Release;
		};
		239BF00E28F81F790028802A /* Debug */ = {
			isa = XCBuildConfiguration;
			buildSettings = {
				ALWAYS_EMBED_SWIFT_STANDARD_LIBRARIES = YES;
				CODE_SIGN_STYLE = Automatic;
				CURRENT_PROJECT_VERSION = 1;
				DEVELOPMENT_TEAM = 95N7NL8994;
				GENERATE_INFOPLIST_FILE = YES;
				MARKETING_VERSION = 1.0;
				PRODUCT_BUNDLE_IDENTIFIER = co.jakegordon.Udder2UITests;
				PRODUCT_NAME = "$(TARGET_NAME)";
				SWIFT_EMIT_LOC_STRINGS = NO;
				SWIFT_VERSION = 5.0;
				TARGETED_DEVICE_FAMILY = "1,2";
				TEST_TARGET_NAME = Udder2;
			};
			name = Debug;
		};
		239BF00F28F81F790028802A /* Release */ = {
			isa = XCBuildConfiguration;
			buildSettings = {
				ALWAYS_EMBED_SWIFT_STANDARD_LIBRARIES = YES;
				CODE_SIGN_STYLE = Automatic;
				CURRENT_PROJECT_VERSION = 1;
				DEVELOPMENT_TEAM = 95N7NL8994;
				GENERATE_INFOPLIST_FILE = YES;
				MARKETING_VERSION = 1.0;
				PRODUCT_BUNDLE_IDENTIFIER = co.jakegordon.Udder2UITests;
				PRODUCT_NAME = "$(TARGET_NAME)";
				SWIFT_EMIT_LOC_STRINGS = NO;
				SWIFT_VERSION = 5.0;
				TARGETED_DEVICE_FAMILY = "1,2";
				TEST_TARGET_NAME = Udder2;
			};
			name = Release;
		};
/* End XCBuildConfiguration section */

/* Begin XCConfigurationList section */
		239BEFD828F81F6A0028802A /* Build configuration list for PBXProject "Udder2" */ = {
			isa = XCConfigurationList;
			buildConfigurations = (
				239BF00528F81F780028802A /* Debug */,
				239BF00628F81F780028802A /* Release */,
			);
			defaultConfigurationIsVisible = 0;
			defaultConfigurationName = Release;
		};
		239BF00728F81F790028802A /* Build configuration list for PBXNativeTarget "Udder2" */ = {
			isa = XCConfigurationList;
			buildConfigurations = (
				239BF00828F81F790028802A /* Debug */,
				239BF00928F81F790028802A /* Release */,
			);
			defaultConfigurationIsVisible = 0;
			defaultConfigurationName = Release;
		};
		239BF00A28F81F790028802A /* Build configuration list for PBXNativeTarget "Udder2Tests" */ = {
			isa = XCConfigurationList;
			buildConfigurations = (
				239BF00B28F81F790028802A /* Debug */,
				239BF00C28F81F790028802A /* Release */,
			);
			defaultConfigurationIsVisible = 0;
			defaultConfigurationName = Release;
		};
		239BF00D28F81F790028802A /* Build configuration list for PBXNativeTarget "Udder2UITests" */ = {
			isa = XCConfigurationList;
			buildConfigurations = (
				239BF00E28F81F790028802A /* Debug */,
				239BF00F28F81F790028802A /* Release */,
			);
			defaultConfigurationIsVisible = 0;
			defaultConfigurationName = Release;
		};
/* End XCConfigurationList section */
	};
	rootObject = 239BEFD528F81F690028802A /* Project object */;
}
